[root]
name = "graph"
version = "0.0.1"
dependencies = [
 "gl 0.0.1 (git+https://github.com/bjz/gl-rs#feed7be39546edb7e8781e3fbe5892caa41a5383)",
 "glutin 0.0.1 (git+http://github.com/tomaka/glutin#c8ea2bf587429b5b59d5a41f7ebb16a7998badd9)",
]

[[package]]
name = "android_glue"
version = "0.0.1"
source = "git+https://github.com/tomaka/android-rs-glue#fa077fbc181dc2a7fbb21491b3268ee06d149f94"
dependencies = [
 "compile_msg 0.1.0 (git+https://github.com/huonw/compile_msg#10e0f57069ee703bd07b07330dd0ada4e75c8622)",
]

[[package]]
name = "cocoa"
version = "0.1.0"
source = "git+https://github.com/DavidPartouche/rust-cocoa#b9cbbd50adbae585f446cb5c7c70c63946676dab"

[[package]]
name = "compile_msg"
version = "0.1.0"
source = "git+https://github.com/huonw/compile_msg#10e0f57069ee703bd07b07330dd0ada4e75c8622"

[[package]]
name = "core_foundation"
version = "0.1.0"
source = "git+https://github.com/servo/rust-core-foundation#5caab8bea4bb8c8077cdcfbebd614ecbe7e8251b"

[[package]]
name = "gl"
version = "0.0.1"
source = "git+https://github.com/bjz/gl-rs#feed7be39546edb7e8781e3fbe5892caa41a5383"
dependencies = [
 "gl_generator 0.0.1 (git+https://github.com/bjz/gl-rs#feed7be39546edb7e8781e3fbe5892caa41a5383)",
]

[[package]]
name = "gl_generator"
version = "0.0.1"
source = "git+https://github.com/bjz/gl-rs#feed7be39546edb7e8781e3fbe5892caa41a5383"
dependencies = [
 "khronos_api 0.0.1 (git+https://github.com/bjz/gl-rs#feed7be39546edb7e8781e3fbe5892caa41a5383)",
 "rust-xml 0.1.0 (git+https://github.com/netvl/rust-xml#f86f02b3b1c355080136b0acc322b3318c195cda)",
]

[[package]]
name = "glutin"
version = "0.0.1"
source = "git+http://github.com/tomaka/glutin#c8ea2bf587429b5b59d5a41f7ebb16a7998badd9"
dependencies = [
 "android_glue 0.0.1 (git+https://github.com/tomaka/android-rs-glue#fa077fbc181dc2a7fbb21491b3268ee06d149f94)",
 "cocoa 0.1.0 (git+https://github.com/DavidPartouche/rust-cocoa#b9cbbd50adbae585f446cb5c7c70c63946676dab)",
 "compile_msg 0.1.0 (git+https://github.com/huonw/compile_msg#10e0f57069ee703bd07b07330dd0ada4e75c8622)",
 "core_foundation 0.1.0 (git+https://github.com/servo/rust-core-foundation#5caab8bea4bb8c8077cdcfbebd614ecbe7e8251b)",
 "gl_generator 0.0.1 (git+https://github.com/bjz/gl-rs#feed7be39546edb7e8781e3fbe5892caa41a5383)",
]

[[package]]
name = "khronos_api"
version = "0.0.1"
source = "git+https://github.com/bjz/gl-rs#feed7be39546edb7e8781e3fbe5892caa41a5383"

[[package]]
name = "rust-xml"
version = "0.1.0"
source = "git+https://github.com/netvl/rust-xml#f86f02b3b1c355080136b0acc322b3318c195cda"

