[root]
name = "graph"
version = "0.0.1"
dependencies = [
 "kiss3d 0.1.0 (git+https://github.com/sebcrozet/kiss3d#0da599435c1ec75d0ea0cc4ddfb9adb9dbbceb8e)",
]

[[package]]
name = "freetype-rs"
version = "0.0.0"
source = "git+https://github.com/PistonDevelopers/freetype-rs#54efba2495235fd87a4648b9c7e04d1f73938122"

[[package]]
name = "gl"
version = "0.0.1"
source = "git+https://github.com/bjz/gl-rs#feed7be39546edb7e8781e3fbe5892caa41a5383"
dependencies = [
 "gl_generator 0.0.1 (git+https://github.com/bjz/gl-rs#feed7be39546edb7e8781e3fbe5892caa41a5383)",
]

[[package]]
name = "gl_generator"
version = "0.0.1"
source = "git+https://github.com/bjz/gl-rs#feed7be39546edb7e8781e3fbe5892caa41a5383"
dependencies = [
 "khronos_api 0.0.1 (git+https://github.com/bjz/gl-rs#feed7be39546edb7e8781e3fbe5892caa41a5383)",
 "rust-xml 0.1.0 (git+https://github.com/netvl/rust-xml#f86f02b3b1c355080136b0acc322b3318c195cda)",
]

[[package]]
name = "glfw"
version = "0.0.1"
source = "git+https://github.com/bjz/glfw-rs#d394c244575ed879e933dffcdab06d4276a5cdae"
dependencies = [
 "glfw-sys 3.0.4 (git+https://github.com/servo/glfw?ref=cargo-3.0.4#65a2b4721276589d9de24f6a9999a2db37286cae)",
 "semver 0.1.0 (git+https://github.com/rust-lang/semver#0eee1b33e90a62ed03a123b94c8e06cdbaf5b662)",
]

[[package]]
name = "glfw-sys"
version = "3.0.4"
source = "git+https://github.com/servo/glfw?ref=cargo-3.0.4#65a2b4721276589d9de24f6a9999a2db37286cae"

[[package]]
name = "khronos_api"
version = "0.0.1"
source = "git+https://github.com/bjz/gl-rs#feed7be39546edb7e8781e3fbe5892caa41a5383"

[[package]]
name = "kiss3d"
version = "0.1.0"
source = "git+https://github.com/sebcrozet/kiss3d#0da599435c1ec75d0ea0cc4ddfb9adb9dbbceb8e"
dependencies = [
 "freetype-rs 0.0.0 (git+https://github.com/PistonDevelopers/freetype-rs#54efba2495235fd87a4648b9c7e04d1f73938122)",
 "gl 0.0.1 (git+https://github.com/bjz/gl-rs#feed7be39546edb7e8781e3fbe5892caa41a5383)",
 "glfw 0.0.1 (git+https://github.com/bjz/glfw-rs#d394c244575ed879e933dffcdab06d4276a5cdae)",
 "nalgebra 0.1.0 (git+https://github.com/sebcrozet/nalgebra#e2fc8aa764351fa90bdcbeefe3520e0f05e239c4)",
 "ncollide 0.1.0 (git+https://github.com/sebcrozet/ncollide#78c54364c236927ff53d43bab331ea23eb338f1f)",
 "stb_image 0.1.0 (git+https://github.com/servo/rust-stb-image#f5022de4ad6bb474a03493d1f274dde9b0f1af0c)",
]

[[package]]
name = "nalgebra"
version = "0.1.0"
source = "git+https://github.com/sebcrozet/nalgebra#e2fc8aa764351fa90bdcbeefe3520e0f05e239c4"

[[package]]
name = "ncollide"
version = "0.1.0"
source = "git+https://github.com/sebcrozet/ncollide#78c54364c236927ff53d43bab331ea23eb338f1f"
dependencies = [
 "nalgebra 0.1.0 (git+https://github.com/sebcrozet/nalgebra#e2fc8aa764351fa90bdcbeefe3520e0f05e239c4)",
]

[[package]]
name = "rust-xml"
version = "0.1.0"
source = "git+https://github.com/netvl/rust-xml#f86f02b3b1c355080136b0acc322b3318c195cda"

[[package]]
name = "semver"
version = "0.1.0"
source = "git+https://github.com/rust-lang/semver#0eee1b33e90a62ed03a123b94c8e06cdbaf5b662"

[[package]]
name = "stb_image"
version = "0.1.0"
source = "git+https://github.com/servo/rust-stb-image#f5022de4ad6bb474a03493d1f274dde9b0f1af0c"

